
Microsoft Visual Studio Solution File, Format Version 12.00
# Visual Studio 15
VisualStudioVersion = 15.0.26228.4
MinimumVisualStudioVersion = 10.0.40219.1
Project("{FAE04EC0-301F-11D3-BF4B-00C04F79EFBC}") = "FP_WCF", "FP_WCF\FP_WCF.csproj", "{0F3FD681-ACEE-4DFC-9FCC-381FEE11FE3D}"
EndProject
Project("{FAE04EC0-301F-11D3-BF4B-00C04F79EFBC}") = "FP_DA", "FP_DA\FP_DA.csproj", "{B5BA46B5-A700-48B2-A0EA-3A464ECFEA5B}"
EndProject
Project("{FAE04EC0-301F-11D3-BF4B-00C04F79EFBC}") = "FP_DTO", "FP_DTO\FP_DTO.csproj", "{4BD20AE7-8BEC-47C8-A705-BB635A7FDE06}"
EndProject
Project("{FAE04EC0-301F-11D3-BF4B-00C04F79EFBC}") = "FP_INTERFACE", "FP_INTERFACE\FP_INTERFACE.csproj", "{5205F173-75B4-461C-BA72-6A29471EAC09}"
EndProject
Project("{FAE04EC0-301F-11D3-BF4B-00C04F79EFBC}") = "FP_MAPPERS", "FP_MAPPERS\FP_MAPPERS.csproj", "{9DFCE782-111A-4A3E-BE9D-C02D7138E241}"
EndProject
Project("{FAE04EC0-301F-11D3-BF4B-00C04F79EFBC}") = "FP_API", "FP_API\FP_API.csproj", "{EE9DFF3F-EA77-452C-9D94-0E669C5A2A45}"
EndProject
Project("{FAE04EC0-301F-11D3-BF4B-00C04F79EFBC}") = "FP_APP", "FP_APP\FP_APP.csproj", "{C9159A30-6FA2-41DC-B01A-CF0CAC223402}"
EndProject
Global
	GlobalSection(SolutionConfigurationPlatforms) = preSolution
		Debug|Any CPU = Debug|Any CPU
		Release|Any CPU = Release|Any CPU
	EndGlobalSection
	GlobalSection(ProjectConfigurationPlatforms) = postSolution
		{0F3FD681-ACEE-4DFC-9FCC-381FEE11FE3D}.Debug|Any CPU.ActiveCfg = Debug|Any CPU
		{0F3FD681-ACEE-4DFC-9FCC-381FEE11FE3D}.Debug|Any CPU.Build.0 = Debug|Any CPU
		{0F3FD681-ACEE-4DFC-9FCC-381FEE11FE3D}.Release|Any CPU.ActiveCfg = Release|Any CPU
		{0F3FD681-ACEE-4DFC-9FCC-381FEE11FE3D}.Release|Any CPU.Build.0 = Release|Any CPU
		{B5BA46B5-A700-48B2-A0EA-3A464ECFEA5B}.Debug|Any CPU.ActiveCfg = Debug|Any CPU
		{B5BA46B5-A700-48B2-A0EA-3A464ECFEA5B}.Debug|Any CPU.Build.0 = Debug|Any CPU
		{B5BA46B5-A700-48B2-A0EA-3A464ECFEA5B}.Release|Any CPU.ActiveCfg = Release|Any CPU
		{B5BA46B5-A700-48B2-A0EA-3A464ECFEA5B}.Release|Any CPU.Build.0 = Release|Any CPU
		{4BD20AE7-8BEC-47C8-A705-BB635A7FDE06}.Debug|Any CPU.ActiveCfg = Debug|Any CPU
		{4BD20AE7-8BEC-47C8-A705-BB635A7FDE06}.Debug|Any CPU.Build.0 = Debug|Any CPU
		{4BD20AE7-8BEC-47C8-A705-BB635A7FDE06}.Release|Any CPU.ActiveCfg = Release|Any CPU
		{4BD20AE7-8BEC-47C8-A705-BB635A7FDE06}.Release|Any CPU.Build.0 = Release|Any CPU
		{5205F173-75B4-461C-BA72-6A29471EAC09}.Debug|Any CPU.ActiveCfg = Debug|Any CPU
		{5205F173-75B4-461C-BA72-6A29471EAC09}.Debug|Any CPU.Build.0 = Debug|Any CPU
		{5205F173-75B4-461C-BA72-6A29471EAC09}.Release|Any CPU.ActiveCfg = Release|Any CPU
		{5205F173-75B4-461C-BA72-6A29471EAC09}.Release|Any CPU.Build.0 = Release|Any CPU
		{9DFCE782-111A-4A3E-BE9D-C02D7138E241}.Debug|Any CPU.ActiveCfg = Debug|Any CPU
		{9DFCE782-111A-4A3E-BE9D-C02D7138E241}.Debug|Any CPU.Build.0 = Debug|Any CPU
		{9DFCE782-111A-4A3E-BE9D-C02D7138E241}.Release|Any CPU.ActiveCfg = Release|Any CPU
		{9DFCE782-111A-4A3E-BE9D-C02D7138E241}.Release|Any CPU.Build.0 = Release|Any CPU
		{EE9DFF3F-EA77-452C-9D94-0E669C5A2A45}.Debug|Any CPU.ActiveCfg = Debug|Any CPU
		{EE9DFF3F-EA77-452C-9D94-0E669C5A2A45}.Debug|Any CPU.Build.0 = Debug|Any CPU
		{EE9DFF3F-EA77-452C-9D94-0E669C5A2A45}.Release|Any CPU.ActiveCfg = Release|Any CPU
		{EE9DFF3F-EA77-452C-9D94-0E669C5A2A45}.Release|Any CPU.Build.0 = Release|Any CPU
		{C9159A30-6FA2-41DC-B01A-CF0CAC223402}.Debug|Any CPU.ActiveCfg = Debug|Any CPU
		{C9159A30-6FA2-41DC-B01A-CF0CAC223402}.Debug|Any CPU.Build.0 = Debug|Any CPU
		{C9159A30-6FA2-41DC-B01A-CF0CAC223402}.Release|Any CPU.ActiveCfg = Release|Any CPU
		{C9159A30-6FA2-41DC-B01A-CF0CAC223402}.Release|Any CPU.Build.0 = Release|Any CPU
	EndGlobalSection
	GlobalSection(SolutionProperties) = preSolution
		HideSolutionNode = FALSE
	EndGlobalSection
EndGlobal
